
Microsoft Visual Studio Solution File, Format Version 12.00
# Visual Studio Version 17
VisualStudioVersion = 17.9.34728.123
MinimumVisualStudioVersion = 10.0.40219.1
Project("{9A19103F-16F7-4668-BE54-9A1E7A4F7556}") = "myshop.DataAccess", "myshop.DataAccess\myshop.DataAccess.csproj", "{85C43546-EDA0-48AF-8AED-DA55A4C2E948}"
EndProject
Project("{9A19103F-16F7-4668-BE54-9A1E7A4F7556}") = "myshop.Entities", "myshop.Entities\myshop.Entities.csproj", "{7A7D82D3-1F83-40D8-AA2E-563EF4E564E7}"
EndProject
Project("{9A19103F-16F7-4668-BE54-9A1E7A4F7556}") = "myshop.Web", "myshop.Web\myshop.Web.csproj", "{05A1D40E-9C0F-4361-AAAC-26A30234BC96}"
EndProject
Project("{FAE04EC0-301F-11D3-BF4B-00C04F79EFBC}") = "myshop.Utilities", "myshop.Utilities\myshop.Utilities.csproj", "{FA794516-B374-46BC-86CD-3FAF8C03EC01}"
EndProject
Global
	GlobalSection(SolutionConfigurationPlatforms) = preSolution
		Debug|Any CPU = Debug|Any CPU
		Release|Any CPU = Release|Any CPU
	EndGlobalSection
	GlobalSection(ProjectConfigurationPlatforms) = postSolution
		{85C43546-EDA0-48AF-8AED-DA55A4C2E948}.Debug|Any CPU.ActiveCfg = Debug|Any CPU
		{85C43546-EDA0-48AF-8AED-DA55A4C2E948}.Debug|Any CPU.Build.0 = Debug|Any CPU
		{85C43546-EDA0-48AF-8AED-DA55A4C2E948}.Release|Any CPU.ActiveCfg = Release|Any CPU
		{85C43546-EDA0-48AF-8AED-DA55A4C2E948}.Release|Any CPU.Build.0 = Release|Any CPU
		{7A7D82D3-1F83-40D8-AA2E-563EF4E564E7}.Debug|Any CPU.ActiveCfg = Debug|Any CPU
		{7A7D82D3-1F83-40D8-AA2E-563EF4E564E7}.Debug|Any CPU.Build.0 = Debug|Any CPU
		{7A7D82D3-1F83-40D8-AA2E-563EF4E564E7}.Release|Any CPU.ActiveCfg = Release|Any CPU
		{7A7D82D3-1F83-40D8-AA2E-563EF4E564E7}.Release|Any CPU.Build.0 = Release|Any CPU
		{05A1D40E-9C0F-4361-AAAC-26A30234BC96}.Debug|Any CPU.ActiveCfg = Debug|Any CPU
		{05A1D40E-9C0F-4361-AAAC-26A30234BC96}.Debug|Any CPU.Build.0 = Debug|Any CPU
		{05A1D40E-9C0F-4361-AAAC-26A30234BC96}.Release|Any CPU.ActiveCfg = Release|Any CPU
		{05A1D40E-9C0F-4361-AAAC-26A30234BC96}.Release|Any CPU.Build.0 = Release|Any CPU
		{FA794516-B374-46BC-86CD-3FAF8C03EC01}.Debug|Any CPU.ActiveCfg = Debug|Any CPU
		{FA794516-B374-46BC-86CD-3FAF8C03EC01}.Debug|Any CPU.Build.0 = Debug|Any CPU
		{FA794516-B374-46BC-86CD-3FAF8C03EC01}.Release|Any CPU.ActiveCfg = Release|Any CPU
		{FA794516-B374-46BC-86CD-3FAF8C03EC01}.Release|Any CPU.Build.0 = Release|Any CPU
	EndGlobalSection
	GlobalSection(SolutionProperties) = preSolution
		HideSolutionNode = FALSE
	EndGlobalSection
	GlobalSection(ExtensibilityGlobals) = postSolution
		SolutionGuid = {B878070C-188B-4C1A-B41B-8697DFF28A47}
	EndGlobalSection
EndGlobal
